// !$*UTF8*$!
{
	archiveVersion = 1;
	classes = {
	};
	objectVersion = 50;
	objects = {

/* Begin PBXBuildFile section */
		C507A6212471D6CC00B39DB1 /* DataTagView.swift in Sources */ = {isa = PBXBuildFile; fileRef = C507A6202471D6CC00B39DB1 /* DataTagView.swift */; };
		C507A6252471DB9700B39DB1 /* TaggedDataView.swift in Sources */ = {isa = PBXBuildFile; fileRef = C507A6242471DB9700B39DB1 /* TaggedDataView.swift */; };
		C507A6272471DF3F00B39DB1 /* TaggedDataScrollView.swift in Sources */ = {isa = PBXBuildFile; fileRef = C507A6262471DF3F00B39DB1 /* TaggedDataScrollView.swift */; };
		C510DA972459D5F200ECDC65 /* AppDelegate.swift in Sources */ = {isa = PBXBuildFile; fileRef = C510DA962459D5F200ECDC65 /* AppDelegate.swift */; };
		C510DA992459D5F200ECDC65 /* SceneDelegate.swift in Sources */ = {isa = PBXBuildFile; fileRef = C510DA982459D5F200ECDC65 /* SceneDelegate.swift */; };
		C510DA9B2459D5F200ECDC65 /* ContentView.swift in Sources */ = {isa = PBXBuildFile; fileRef = C510DA9A2459D5F200ECDC65 /* ContentView.swift */; };
		C510DA9D2459D5F200ECDC65 /* Assets.xcassets in Resources */ = {isa = PBXBuildFile; fileRef = C510DA9C2459D5F200ECDC65 /* Assets.xcassets */; };
		C510DAA02459D5F200ECDC65 /* Preview Assets.xcassets in Resources */ = {isa = PBXBuildFile; fileRef = C510DA9F2459D5F200ECDC65 /* Preview Assets.xcassets */; };
		C510DAA32459D5F200ECDC65 /* LaunchScreen.storyboard in Resources */ = {isa = PBXBuildFile; fileRef = C510DAA12459D5F200ECDC65 /* LaunchScreen.storyboard */; };
		C510DAAE2459D5F200ECDC65 /* MushroomPredictorTests.swift in Sources */ = {isa = PBXBuildFile; fileRef = C510DAAD2459D5F200ECDC65 /* MushroomPredictorTests.swift */; };
		C510DABB245A5D8F00ECDC65 /* Predictor.swift in Sources */ = {isa = PBXBuildFile; fileRef = C510DABA245A5D8F00ECDC65 /* Predictor.swift */; };
		C510DAC1245E833E00ECDC65 /* PredictorView.swift in Sources */ = {isa = PBXBuildFile; fileRef = C510DAC0245E833E00ECDC65 /* PredictorView.swift */; };
		C510DAC3245F84C400ECDC65 /* MushroomResultView.swift in Sources */ = {isa = PBXBuildFile; fileRef = C510DAC2245F84C400ECDC65 /* MushroomResultView.swift */; };
		C510DAC52460D01300ECDC65 /* RadioButton.swift in Sources */ = {isa = PBXBuildFile; fileRef = C510DAC42460D01300ECDC65 /* RadioButton.swift */; };
		C510DAC72460DA7C00ECDC65 /* RadioButtonGroup.swift in Sources */ = {isa = PBXBuildFile; fileRef = C510DAC62460DA7C00ECDC65 /* RadioButtonGroup.swift */; };
		C510DAC92460DFAF00ECDC65 /* DropDownMenu.swift in Sources */ = {isa = PBXBuildFile; fileRef = C510DAC82460DFAF00ECDC65 /* DropDownMenu.swift */; };
		C510DACB24639AAA00ECDC65 /* StatisticsView.swift in Sources */ = {isa = PBXBuildFile; fileRef = C510DACA24639AAA00ECDC65 /* StatisticsView.swift */; };
		C510DACD24639ADE00ECDC65 /* Statistics.swift in Sources */ = {isa = PBXBuildFile; fileRef = C510DACC24639ADE00ECDC65 /* Statistics.swift */; };
		C51B60492464995200EE6B3E /* LoginView.swift in Sources */ = {isa = PBXBuildFile; fileRef = C51B60482464995200EE6B3E /* LoginView.swift */; };
		C5C73DEB246A1A0800C70A90 /* ActivityIndicator.swift in Sources */ = {isa = PBXBuildFile; fileRef = C5C73DEA246A1A0800C70A90 /* ActivityIndicator.swift */; };
/* End PBXBuildFile section */

/* Begin PBXContainerItemProxy section */
		C510DAAA2459D5F200ECDC65 /* PBXContainerItemProxy */ = {
			isa = PBXContainerItemProxy;
			containerPortal = C510DA8B2459D5F200ECDC65 /* Project object */;
			proxyType = 1;
			remoteGlobalIDString = C510DA922459D5F200ECDC65;
			remoteInfo = MushroomPredictor;
		};
/* End PBXContainerItemProxy section */

/* Begin PBXFileReference section */
		C507A6202471D6CC00B39DB1 /* DataTagView.swift */ = {isa = PBXFileReference; lastKnownFileType = sourcecode.swift; path = DataTagView.swift; sourceTree = "<group>"; };
		C507A6242471DB9700B39DB1 /* TaggedDataView.swift */ = {isa = PBXFileReference; lastKnownFileType = sourcecode.swift; path = TaggedDataView.swift; sourceTree = "<group>"; };
		C507A6262471DF3F00B39DB1 /* TaggedDataScrollView.swift */ = {isa = PBXFileReference; lastKnownFileType = sourcecode.swift; path = TaggedDataScrollView.swift; sourceTree = "<group>"; };
		C510DA932459D5F200ECDC65 /* MushroomPredictor.app */ = {isa = PBXFileReference; explicitFileType = wrapper.application; includeInIndex = 0; path = MushroomPredictor.app; sourceTree = BUILT_PRODUCTS_DIR; };
		C510DA962459D5F200ECDC65 /* AppDelegate.swift */ = {isa = PBXFileReference; lastKnownFileType = sourcecode.swift; path = AppDelegate.swift; sourceTree = "<group>"; };
		C510DA982459D5F200ECDC65 /* SceneDelegate.swift */ = {isa = PBXFileReference; lastKnownFileType = sourcecode.swift; path = SceneDelegate.swift; sourceTree = "<group>"; };
		C510DA9A2459D5F200ECDC65 /* ContentView.swift */ = {isa = PBXFileReference; lastKnownFileType = sourcecode.swift; path = ContentView.swift; sourceTree = "<group>"; };
		C510DA9C2459D5F200ECDC65 /* Assets.xcassets */ = {isa = PBXFileReference; lastKnownFileType = folder.assetcatalog; path = Assets.xcassets; sourceTree = "<group>"; };
		C510DA9F2459D5F200ECDC65 /* Preview Assets.xcassets */ = {isa = PBXFileReference; lastKnownFileType = folder.assetcatalog; path = "Preview Assets.xcassets"; sourceTree = "<group>"; };
		C510DAA22459D5F200ECDC65 /* Base */ = {isa = PBXFileReference; lastKnownFileType = file.storyboard; name = Base; path = Base.lproj/LaunchScreen.storyboard; sourceTree = "<group>"; };
		C510DAA42459D5F200ECDC65 /* Info.plist */ = {isa = PBXFileReference; lastKnownFileType = text.plist.xml; path = Info.plist; sourceTree = "<group>"; };
		C510DAA92459D5F200ECDC65 /* MushroomPredictorTests.xctest */ = {isa = PBXFileReference; explicitFileType = wrapper.cfbundle; includeInIndex = 0; path = MushroomPredictorTests.xctest; sourceTree = BUILT_PRODUCTS_DIR; };
		C510DAAD2459D5F200ECDC65 /* MushroomPredictorTests.swift */ = {isa = PBXFileReference; lastKnownFileType = sourcecode.swift; path = MushroomPredictorTests.swift; sourceTree = "<group>"; };
		C510DAAF2459D5F200ECDC65 /* Info.plist */ = {isa = PBXFileReference; lastKnownFileType = text.plist.xml; path = Info.plist; sourceTree = "<group>"; };
		C510DABA245A5D8F00ECDC65 /* Predictor.swift */ = {isa = PBXFileReference; lastKnownFileType = sourcecode.swift; path = Predictor.swift; sourceTree = "<group>"; };
		C510DAC0245E833E00ECDC65 /* PredictorView.swift */ = {isa = PBXFileReference; lastKnownFileType = sourcecode.swift; name = PredictorView.swift; path = ../PredictorView.swift; sourceTree = "<group>"; };
		C510DAC2245F84C400ECDC65 /* MushroomResultView.swift */ = {isa = PBXFileReference; lastKnownFileType = sourcecode.swift; path = MushroomResultView.swift; sourceTree = "<group>"; };
		C510DAC42460D01300ECDC65 /* RadioButton.swift */ = {isa = PBXFileReference; lastKnownFileType = sourcecode.swift; path = RadioButton.swift; sourceTree = "<group>"; };
		C510DAC62460DA7C00ECDC65 /* RadioButtonGroup.swift */ = {isa = PBXFileReference; lastKnownFileType = sourcecode.swift; path = RadioButtonGroup.swift; sourceTree = "<group>"; };
		C510DAC82460DFAF00ECDC65 /* DropDownMenu.swift */ = {isa = PBXFileReference; lastKnownFileType = sourcecode.swift; path = DropDownMenu.swift; sourceTree = "<group>"; };
		C510DACA24639AAA00ECDC65 /* StatisticsView.swift */ = {isa = PBXFileReference; lastKnownFileType = sourcecode.swift; path = StatisticsView.swift; sourceTree = "<group>"; };
		C510DACC24639ADE00ECDC65 /* Statistics.swift */ = {isa = PBXFileReference; lastKnownFileType = sourcecode.swift; path = Statistics.swift; sourceTree = "<group>"; };
		C51B60482464995200EE6B3E /* LoginView.swift */ = {isa = PBXFileReference; lastKnownFileType = sourcecode.swift; path = LoginView.swift; sourceTree = "<group>"; };
		C5C73DEA246A1A0800C70A90 /* ActivityIndicator.swift */ = {isa = PBXFileReference; lastKnownFileType = sourcecode.swift; path = ActivityIndicator.swift; sourceTree = "<group>"; };
/* End PBXFileReference section */

/* Begin PBXFrameworksBuildPhase section */
		C510DA902459D5F200ECDC65 /* Frameworks */ = {
			isa = PBXFrameworksBuildPhase;
			buildActionMask = 2147483647;
			files = (
			);
			runOnlyForDeploymentPostprocessing = 0;
		};
		C510DAA62459D5F200ECDC65 /* Frameworks */ = {
			isa = PBXFrameworksBuildPhase;
			buildActionMask = 2147483647;
			files = (
			);
			runOnlyForDeploymentPostprocessing = 0;
		};
/* End PBXFrameworksBuildPhase section */

/* Begin PBXGroup section */
		C510DA8A2459D5F200ECDC65 = {
			isa = PBXGroup;
			children = (
				C510DA952459D5F200ECDC65 /* MushroomPredictor */,
				C510DAAC2459D5F200ECDC65 /* MushroomPredictorTests */,
				C510DA942459D5F200ECDC65 /* Products */,
			);
			sourceTree = "<group>";
		};
		C510DA942459D5F200ECDC65 /* Products */ = {
			isa = PBXGroup;
			children = (
				C510DA932459D5F200ECDC65 /* MushroomPredictor.app */,
				C510DAA92459D5F200ECDC65 /* MushroomPredictorTests.xctest */,
			);
			name = Products;
			sourceTree = "<group>";
		};
		C510DA952459D5F200ECDC65 /* MushroomPredictor */ = {
			isa = PBXGroup;
			children = (
				C510DA962459D5F200ECDC65 /* AppDelegate.swift */,
				C510DA982459D5F200ECDC65 /* SceneDelegate.swift */,
				C510DA9A2459D5F200ECDC65 /* ContentView.swift */,
				C5C73DEA246A1A0800C70A90 /* ActivityIndicator.swift */,
				C51B60482464995200EE6B3E /* LoginView.swift */,
				C510DACA24639AAA00ECDC65 /* StatisticsView.swift */,
				C510DACC24639ADE00ECDC65 /* Statistics.swift */,
				C510DAC2245F84C400ECDC65 /* MushroomResultView.swift */,
				C510DAC0245E833E00ECDC65 /* PredictorView.swift */,
				C507A6202471D6CC00B39DB1 /* DataTagView.swift */,
				C510DAC82460DFAF00ECDC65 /* DropDownMenu.swift */,
				C510DABA245A5D8F00ECDC65 /* Predictor.swift */,
				C510DA9C2459D5F200ECDC65 /* Assets.xcassets */,
				C510DAA12459D5F200ECDC65 /* LaunchScreen.storyboard */,
				C510DAA42459D5F200ECDC65 /* Info.plist */,
				C510DA9E2459D5F200ECDC65 /* Preview Content */,
				C510DAC42460D01300ECDC65 /* RadioButton.swift */,
				C510DAC62460DA7C00ECDC65 /* RadioButtonGroup.swift */,
				C507A6242471DB9700B39DB1 /* TaggedDataView.swift */,
				C507A6262471DF3F00B39DB1 /* TaggedDataScrollView.swift */,
			);
			path = MushroomPredictor;
			sourceTree = "<group>";
		};
		C510DA9E2459D5F200ECDC65 /* Preview Content */ = {
			isa = PBXGroup;
			children = (
				C510DA9F2459D5F200ECDC65 /* Preview Assets.xcassets */,
			);
			path = "Preview Content";
			sourceTree = "<group>";
		};
		C510DAAC2459D5F200ECDC65 /* MushroomPredictorTests */ = {
			isa = PBXGroup;
			children = (
				C510DAAD2459D5F200ECDC65 /* MushroomPredictorTests.swift */,
				C510DAAF2459D5F200ECDC65 /* Info.plist */,
			);
			path = MushroomPredictorTests;
			sourceTree = "<group>";
		};
/* End PBXGroup section */

/* Begin PBXNativeTarget section */
		C510DA922459D5F200ECDC65 /* MushroomPredictor */ = {
			isa = PBXNativeTarget;
			buildConfigurationList = C510DAB22459D5F200ECDC65 /* Build configuration list for PBXNativeTarget "MushroomPredictor" */;
			buildPhases = (
				C510DA8F2459D5F200ECDC65 /* Sources */,
				C510DA902459D5F200ECDC65 /* Frameworks */,
				C510DA912459D5F200ECDC65 /* Resources */,
			);
			buildRules = (
			);
			dependencies = (
			);
			name = MushroomPredictor;
			productName = MushroomPredictor;
			productReference = C510DA932459D5F200ECDC65 /* MushroomPredictor.app */;
			productType = "com.apple.product-type.application";
		};
		C510DAA82459D5F200ECDC65 /* MushroomPredictorTests */ = {
			isa = PBXNativeTarget;
			buildConfigurationList = C510DAB52459D5F200ECDC65 /* Build configuration list for PBXNativeTarget "MushroomPredictorTests" */;
			buildPhases = (
				C510DAA52459D5F200ECDC65 /* Sources */,
				C510DAA62459D5F200ECDC65 /* Frameworks */,
				C510DAA72459D5F200ECDC65 /* Resources */,
			);
			buildRules = (
			);
			dependencies = (
				C510DAAB2459D5F200ECDC65 /* PBXTargetDependency */,
			);
			name = MushroomPredictorTests;
			productName = MushroomPredictorTests;
			productReference = C510DAA92459D5F200ECDC65 /* MushroomPredictorTests.xctest */;
			productType = "com.apple.product-type.bundle.unit-test";
		};
/* End PBXNativeTarget section */

/* Begin PBXProject section */
		C510DA8B2459D5F200ECDC65 /* Project object */ = {
			isa = PBXProject;
			attributes = {
				LastSwiftUpdateCheck = 1140;
				LastUpgradeCheck = 1140;
				ORGANIZATIONNAME = "Aaron Mathews";
				TargetAttributes = {
					C510DA922459D5F200ECDC65 = {
						CreatedOnToolsVersion = 11.4.1;
					};
					C510DAA82459D5F200ECDC65 = {
						CreatedOnToolsVersion = 11.4.1;
						TestTargetID = C510DA922459D5F200ECDC65;
					};
				};
			};
			buildConfigurationList = C510DA8E2459D5F200ECDC65 /* Build configuration list for PBXProject "MushroomPredictor" */;
			compatibilityVersion = "Xcode 9.3";
			developmentRegion = en;
			hasScannedForEncodings = 0;
			knownRegions = (
				en,
				Base,
			);
			mainGroup = C510DA8A2459D5F200ECDC65;
			productRefGroup = C510DA942459D5F200ECDC65 /* Products */;
			projectDirPath = "";
			projectRoot = "";
			targets = (
				C510DA922459D5F200ECDC65 /* MushroomPredictor */,
				C510DAA82459D5F200ECDC65 /* MushroomPredictorTests */,
			);
		};
/* End PBXProject section */

/* Begin PBXResourcesBuildPhase section */
		C510DA912459D5F200ECDC65 /* Resources */ = {
			isa = PBXResourcesBuildPhase;
			buildActionMask = 2147483647;
			files = (
				C510DAA32459D5F200ECDC65 /* LaunchScreen.storyboard in Resources */,
				C510DAA02459D5F200ECDC65 /* Preview Assets.xcassets in Resources */,
				C510DA9D2459D5F200ECDC65 /* Assets.xcassets in Resources */,
			);
			runOnlyForDeploymentPostprocessing = 0;
		};
		C510DAA72459D5F200ECDC65 /* Resources */ = {
			isa = PBXResourcesBuildPhase;
			buildActionMask = 2147483647;
			files = (
			);
			runOnlyForDeploymentPostprocessing = 0;
		};
/* End PBXResourcesBuildPhase section */

/* Begin PBXSourcesBuildPhase section */
		C510DA8F2459D5F200ECDC65 /* Sources */ = {
			isa = PBXSourcesBuildPhase;
			buildActionMask = 2147483647;
			files = (
				C510DA972459D5F200ECDC65 /* AppDelegate.swift in Sources */,
				C510DACB24639AAA00ECDC65 /* StatisticsView.swift in Sources */,
				C510DACD24639ADE00ECDC65 /* Statistics.swift in Sources */,
				C510DAC72460DA7C00ECDC65 /* RadioButtonGroup.swift in Sources */,
				C507A6252471DB9700B39DB1 /* TaggedDataView.swift in Sources */,
				C507A6272471DF3F00B39DB1 /* TaggedDataScrollView.swift in Sources */,
				C5C73DEB246A1A0800C70A90 /* ActivityIndicator.swift in Sources */,
				C510DAC92460DFAF00ECDC65 /* DropDownMenu.swift in Sources */,
				C510DA992459D5F200ECDC65 /* SceneDelegate.swift in Sources */,
				C51B60492464995200EE6B3E /* LoginView.swift in Sources */,
				C510DAC1245E833E00ECDC65 /* PredictorView.swift in Sources */,
				C510DAC3245F84C400ECDC65 /* MushroomResultView.swift in Sources */,
				C507A6212471D6CC00B39DB1 /* DataTagView.swift in Sources */,
				C510DAC52460D01300ECDC65 /* RadioButton.swift in Sources */,
				C510DABB245A5D8F00ECDC65 /* Predictor.swift in Sources */,
				C510DA9B2459D5F200ECDC65 /* ContentView.swift in Sources */,
			);
			runOnlyForDeploymentPostprocessing = 0;
		};
		C510DAA52459D5F200ECDC65 /* Sources */ = {
			isa = PBXSourcesBuildPhase;
			buildActionMask = 2147483647;
			files = (
				C510DAAE2459D5F200ECDC65 /* MushroomPredictorTests.swift in Sources */,
			);
			runOnlyForDeploymentPostprocessing = 0;
		};
/* End PBXSourcesBuildPhase section */

/* Begin PBXTargetDependency section */
		C510DAAB2459D5F200ECDC65 /* PBXTargetDependency */ = {
			isa = PBXTargetDependency;
			target = C510DA922459D5F200ECDC65 /* MushroomPredictor */;
			targetProxy = C510DAAA2459D5F200ECDC65 /* PBXContainerItemProxy */;
		};
/* End PBXTargetDependency section */

/* Begin PBXVariantGroup section */
		C510DAA12459D5F200ECDC65 /* LaunchScreen.storyboard */ = {
			isa = PBXVariantGroup;
			children = (
				C510DAA22459D5F200ECDC65 /* Base */,
			);
			name = LaunchScreen.storyboard;
			sourceTree = "<group>";
		};
/* End PBXVariantGroup section */

/* Begin XCBuildConfiguration section */
		C510DAB02459D5F200ECDC65 /* Debug */ = {
			isa = XCBuildConfiguration;
			buildSettings = {
				ALWAYS_SEARCH_USER_PATHS = NO;
				CLANG_ANALYZER_NONNULL = YES;
				CLANG_ANALYZER_NUMBER_OBJECT_CONVERSION = YES_AGGRESSIVE;
				CLANG_CXX_LANGUAGE_STANDARD = "gnu++14";
				CLANG_CXX_LIBRARY = "libc++";
				CLANG_ENABLE_MODULES = YES;
				CLANG_ENABLE_OBJC_ARC = YES;
				CLANG_ENABLE_OBJC_WEAK = YES;
				CLANG_WARN_BLOCK_CAPTURE_AUTORELEASING = YES;
				CLANG_WARN_BOOL_CONVERSION = YES;
				CLANG_WARN_COMMA = YES;
				CLANG_WARN_CONSTANT_CONVERSION = YES;
				CLANG_WARN_DEPRECATED_OBJC_IMPLEMENTATIONS = YES;
				CLANG_WARN_DIRECT_OBJC_ISA_USAGE = YES_ERROR;
				CLANG_WARN_DOCUMENTATION_COMMENTS = YES;
				CLANG_WARN_EMPTY_BODY = YES;
				CLANG_WARN_ENUM_CONVERSION = YES;
				CLANG_WARN_INFINITE_RECURSION = YES;
				CLANG_WARN_INT_CONVERSION = YES;
				CLANG_WARN_NON_LITERAL_NULL_CONVERSION = YES;
				CLANG_WARN_OBJC_IMPLICIT_RETAIN_SELF = YES;
				CLANG_WARN_OBJC_LITERAL_CONVERSION = YES;
				CLANG_WARN_OBJC_ROOT_CLASS = YES_ERROR;
				CLANG_WARN_RANGE_LOOP_ANALYSIS = YES;
				CLANG_WARN_STRICT_PROTOTYPES = YES;
				CLANG_WARN_SUSPICIOUS_MOVE = YES;
				CLANG_WARN_UNGUARDED_AVAILABILITY = YES_AGGRESSIVE;
				CLANG_WARN_UNREACHABLE_CODE = YES;
				CLANG_WARN__DUPLICATE_METHOD_MATCH = YES;
				COPY_PHASE_STRIP = NO;
				DEBUG_INFORMATION_FORMAT = dwarf;
				ENABLE_STRICT_OBJC_MSGSEND = YES;
				ENABLE_TESTABILITY = YES;
				GCC_C_LANGUAGE_STANDARD = gnu11;
				GCC_DYNAMIC_NO_PIC = NO;
				GCC_NO_COMMON_BLOCKS = YES;
				GCC_OPTIMIZATION_LEVEL = 0;
				GCC_PREPROCESSOR_DEFINITIONS = (
					"DEBUG=1",
					"$(inherited)",
				);
				GCC_WARN_64_TO_32_BIT_CONVERSION = YES;
				GCC_WARN_ABOUT_RETURN_TYPE = YES_ERROR;
				GCC_WARN_UNDECLARED_SELECTOR = YES;
				GCC_WARN_UNINITIALIZED_AUTOS = YES_AGGRESSIVE;
				GCC_WARN_UNUSED_FUNCTION = YES;
				GCC_WARN_UNUSED_VARIABLE = YES;
				IPHONEOS_DEPLOYMENT_TARGET = 13.4;
				MTL_ENABLE_DEBUG_INFO = INCLUDE_SOURCE;
				MTL_FAST_MATH = YES;
				ONLY_ACTIVE_ARCH = YES;
				SDKROOT = iphoneos;
				SWIFT_ACTIVE_COMPILATION_CONDITIONS = DEBUG;
				SWIFT_OPTIMIZATION_LEVEL = "-Onone";
			};
			name = Debug;
		};
		C510DAB12459D5F200ECDC65 /* Release */ = {
			isa = XCBuildConfiguration;
			buildSettings = {
				ALWAYS_SEARCH_USER_PATHS = NO;
				CLANG_ANALYZER_NONNULL = YES;
				CLANG_ANALYZER_NUMBER_OBJECT_CONVERSION = YES_AGGRESSIVE;
				CLANG_CXX_LANGUAGE_STANDARD = "gnu++14";
				CLANG_CXX_LIBRARY = "libc++";
				CLANG_ENABLE_MODULES = YES;
				CLANG_ENABLE_OBJC_ARC = YES;
				CLANG_ENABLE_OBJC_WEAK = YES;
				CLANG_WARN_BLOCK_CAPTURE_AUTORELEASING = YES;
				CLANG_WARN_BOOL_CONVERSION = YES;
				CLANG_WARN_COMMA = YES;
				CLANG_WARN_CONSTANT_CONVERSION = YES;
				CLANG_WARN_DEPRECATED_OBJC_IMPLEMENTATIONS = YES;
				CLANG_WARN_DIRECT_OBJC_ISA_USAGE = YES_ERROR;
				CLANG_WARN_DOCUMENTATION_COMMENTS = YES;
				CLANG_WARN_EMPTY_BODY = YES;
				CLANG_WARN_ENUM_CONVERSION = YES;
				CLANG_WARN_INFINITE_RECURSION = YES;
				CLANG_WARN_INT_CONVERSION = YES;
				CLANG_WARN_NON_LITERAL_NULL_CONVERSION = YES;
				CLANG_WARN_OBJC_IMPLICIT_RETAIN_SELF = YES;
				CLANG_WARN_OBJC_LITERAL_CONVERSION = YES;
				CLANG_WARN_OBJC_ROOT_CLASS = YES_ERROR;
				CLANG_WARN_RANGE_LOOP_ANALYSIS = YES;
				CLANG_WARN_STRICT_PROTOTYPES = YES;
				CLANG_WARN_SUSPICIOUS_MOVE = YES;
				CLANG_WARN_UNGUARDED_AVAILABILITY = YES_AGGRESSIVE;
				CLANG_WARN_UNREACHABLE_CODE = YES;
				CLANG_WARN__DUPLICATE_METHOD_MATCH = YES;
				COPY_PHASE_STRIP = NO;
				DEBUG_INFORMATION_FORMAT = "dwarf-with-dsym";
				ENABLE_NS_ASSERTIONS = NO;
				ENABLE_STRICT_OBJC_MSGSEND = YES;
				GCC_C_LANGUAGE_STANDARD = gnu11;
				GCC_NO_COMMON_BLOCKS = YES;
				GCC_WARN_64_TO_32_BIT_CONVERSION = YES;
				GCC_WARN_ABOUT_RETURN_TYPE = YES_ERROR;
				GCC_WARN_UNDECLARED_SELECTOR = YES;
				GCC_WARN_UNINITIALIZED_AUTOS = YES_AGGRESSIVE;
				GCC_WARN_UNUSED_FUNCTION = YES;
				GCC_WARN_UNUSED_VARIABLE = YES;
				IPHONEOS_DEPLOYMENT_TARGET = 13.4;
				MTL_ENABLE_DEBUG_INFO = NO;
				MTL_FAST_MATH = YES;
				SDKROOT = iphoneos;
				SWIFT_COMPILATION_MODE = wholemodule;
				SWIFT_OPTIMIZATION_LEVEL = "-O";
				VALIDATE_PRODUCT = YES;
			};
			name = Release;
		};
		C510DAB32459D5F200ECDC65 /* Debug */ = {
			isa = XCBuildConfiguration;
			buildSettings = {
				ASSETCATALOG_COMPILER_APPICON_NAME = AppIcon;
				CODE_SIGN_STYLE = Automatic;
				DEVELOPMENT_ASSET_PATHS = "\"MushroomPredictor/Preview Content\"";
				ENABLE_PREVIEWS = YES;
				INFOPLIST_FILE = MushroomPredictor/Info.plist;
				LD_RUNPATH_SEARCH_PATHS = (
					"$(inherited)",
					"@executable_path/Frameworks",
				);
				PRODUCT_BUNDLE_IDENTIFIER = wgu.MushroomPredictor;
				PRODUCT_NAME = "$(TARGET_NAME)";
				SWIFT_VERSION = 5.0;
				TARGETED_DEVICE_FAMILY = "1,2";
			};
			name = Debug;
		};
		C510DAB42459D5F200ECDC65 /* Release */ = {
			isa = XCBuildConfiguration;
			buildSettings = {
				ASSETCATALOG_COMPILER_APPICON_NAME = AppIcon;
				CODE_SIGN_STYLE = Automatic;
				DEVELOPMENT_ASSET_PATHS = "\"MushroomPredictor/Preview Content\"";
				ENABLE_PREVIEWS = YES;
				INFOPLIST_FILE = MushroomPredictor/Info.plist;
				LD_RUNPATH_SEARCH_PATHS = (
					"$(inherited)",
					"@executable_path/Frameworks",
				);
				PRODUCT_BUNDLE_IDENTIFIER = wgu.MushroomPredictor;
				PRODUCT_NAME = "$(TARGET_NAME)";
				SWIFT_VERSION = 5.0;
				TARGETED_DEVICE_FAMILY = "1,2";
			};
			name = Release;
		};
		C510DAB62459D5F200ECDC65 /* Debug */ = {
			isa = XCBuildConfiguration;
			buildSettings = {
				ALWAYS_EMBED_SWIFT_STANDARD_LIBRARIES = YES;
				BUNDLE_LOADER = "$(TEST_HOST)";
				CODE_SIGN_STYLE = Automatic;
				INFOPLIST_FILE = MushroomPredictorTests/Info.plist;
				IPHONEOS_DEPLOYMENT_TARGET = 13.4;
				LD_RUNPATH_SEARCH_PATHS = (
					"$(inherited)",
					"@executable_path/Frameworks",
					"@loader_path/Frameworks",
				);
				PRODUCT_BUNDLE_IDENTIFIER = wgu.MushroomPredictorTests;
				PRODUCT_NAME = "$(TARGET_NAME)";
				SWIFT_VERSION = 5.0;
				TARGETED_DEVICE_FAMILY = "1,2";
				TEST_HOST = "$(BUILT_PRODUCTS_DIR)/MushroomPredictor.app/MushroomPredictor";
			};
			name = Debug;
		};
		C510DAB72459D5F200ECDC65 /* Release */ = {
			isa = XCBuildConfiguration;
			buildSettings = {
				ALWAYS_EMBED_SWIFT_STANDARD_LIBRARIES = YES;
				BUNDLE_LOADER = "$(TEST_HOST)";
				CODE_SIGN_STYLE = Automatic;
				INFOPLIST_FILE = MushroomPredictorTests/Info.plist;
				IPHONEOS_DEPLOYMENT_TARGET = 13.4;
				LD_RUNPATH_SEARCH_PATHS = (
					"$(inherited)",
					"@executable_path/Frameworks",
					"@loader_path/Frameworks",
				);
				PRODUCT_BUNDLE_IDENTIFIER = wgu.MushroomPredictorTests;
				PRODUCT_NAME = "$(TARGET_NAME)";
				SWIFT_VERSION = 5.0;
				TARGETED_DEVICE_FAMILY = "1,2";
				TEST_HOST = "$(BUILT_PRODUCTS_DIR)/MushroomPredictor.app/MushroomPredictor";
			};
			name = Release;
		};
/* End XCBuildConfiguration section */

/* Begin XCConfigurationList section */
		C510DA8E2459D5F200ECDC65 /* Build configuration list for PBXProject "MushroomPredictor" */ = {
			isa = XCConfigurationList;
			buildConfigurations = (
				C510DAB02459D5F200ECDC65 /* Debug */,
				C510DAB12459D5F200ECDC65 /* Release */,
			);
			defaultConfigurationIsVisible = 0;
			defaultConfigurationName = Release;
		};
		C510DAB22459D5F200ECDC65 /* Build configuration list for PBXNativeTarget "MushroomPredictor" */ = {
			isa = XCConfigurationList;
			buildConfigurations = (
				C510DAB32459D5F200ECDC65 /* Debug */,
				C510DAB42459D5F200ECDC65 /* Release */,
			);
			defaultConfigurationIsVisible = 0;
			defaultConfigurationName = Release;
		};
		C510DAB52459D5F200ECDC65 /* Build configuration list for PBXNativeTarget "MushroomPredictorTests" */ = {
			isa = XCConfigurationList;
			buildConfigurations = (
				C510DAB62459D5F200ECDC65 /* Debug */,
				C510DAB72459D5F200ECDC65 /* Release */,
			);
			defaultConfigurationIsVisible = 0;
			defaultConfigurationName = Release;
		};
/* End XCConfigurationList section */
	};
	rootObject = C510DA8B2459D5F200ECDC65 /* Project object */;
}
